{
  "name": "nostr-follow",
  "version": "1.0.0",
  "lockfileVersion": 2,
  "requires": true,
  "packages": {
    "": {
      "name": "nostr-follow",
      "version": "1.0.0",
      "license": "ISC",
      "dependencies": {
        "nostr": "github:jb55/nostr-js",
        "ws": "^8.11.0"
      }
    },
    "node_modules/noble-secp256k1": {
      "version": "1.2.14",
      "resolved": "https://registry.npmjs.org/noble-secp256k1/-/noble-secp256k1-1.2.14.tgz",
      "integrity": "sha512-GSCXyoZBUaaPwVWdYncMEmzlSUjF9J/YeEHpklYJCyg8wPuJP3NzDx0BkiwArzINkdX2HJHvUJhL6vVWPOQQcg==",
      "deprecated": "Switch to namespaced @noble/secp256k1 for security and feature updates"
    },
    "node_modules/nostr": {
      "version": "0.2.7",
      "resolved": "git+ssh://git@github.com/jb55/nostr-js.git#e27e92f121decf7c2b55c5f2e7be55a5a9e3e051",
      "license": "MIT",
      "dependencies": {
        "noble-secp256k1": "^1.2.14",
        "ws": "^8.8.1"
      }
    },
    "node_modules/ws": {
      "version": "8.11.0",
      "resolved": "https://registry.npmjs.org/ws/-/ws-8.11.0.tgz",
      "integrity": "sha512-HPG3wQd9sNQoT9xHyNCXoDUa+Xw/VevmY9FoHyQ+g+rrMn4j6FB4np7Z0OhdTgjx6MgQLK7jwSy1YecU1+4Asg==",
      "engines": {
        "node": ">=10.0.0"
      },
      "peerDependencies": {
        "bufferutil": "^4.0.1",
        "utf-8-validate": "^5.0.2"
      },
      "peerDependenciesMeta": {
        "bufferutil": {
          "optional": true
        },
        "utf-8-validate": {
          "optional": true
        }
      }
    }
  },
  "dependencies": {
    "noble-secp256k1": {
      "version": "1.2.14",
      "resolved": "https://registry.npmjs.org/noble-secp256k1/-/noble-secp256k1-1.2.14.tgz",
      "integrity": "sha512-GSCXyoZBUaaPwVWdYncMEmzlSUjF9J/YeEHpklYJCyg8wPuJP3NzDx0BkiwArzINkdX2HJHvUJhL6vVWPOQQcg=="
    },
    "nostr": {
      "version": "git+ssh://git@github.com/jb55/nostr-js.git#e27e92f121decf7c2b55c5f2e7be55a5a9e3e051",
      "from": "nostr@https://github.com/jb55/nostr-js.git",
      "requires": {
        "noble-secp256k1": "^1.2.14",
        "ws": "^8.8.1"
      }
    },
    "ws": {
      "version": "8.11.0",
      "resolved": "https://registry.npmjs.org/ws/-/ws-8.11.0.tgz",
      "integrity": "sha512-HPG3wQd9sNQoT9xHyNCXoDUa+Xw/VevmY9FoHyQ+g+rrMn4j6FB4np7Z0OhdTgjx6MgQLK7jwSy1YecU1+4Asg==",
      "requires": {}
    }
  }
}
